
Microsoft Visual Studio Solution File, Format Version 12.00
Project("{FAE04EC0-301F-11D3-BF4B-00C04F79EFBC}") = "SokoSolve.Lite", "SokoSolve.Lite\SokoSolve.Lite.csproj", "{78D38803-4A8F-4B41-8122-8DF5728FC8EE}"
EndProject
Project("{FAE04EC0-301F-11D3-BF4B-00C04F79EFBC}") = "SokoSolve.Lite.Tests", "SokoSolve.Lite.Tests\SokoSolve.Lite.Tests.csproj", "{0347E672-08B7-4644-A266-0ADC27997DC0}"
EndProject
Global
	GlobalSection(SolutionConfigurationPlatforms) = preSolution
		Debug|Any CPU = Debug|Any CPU
		Release|Any CPU = Release|Any CPU
	EndGlobalSection
	GlobalSection(ProjectConfigurationPlatforms) = postSolution
		{78D38803-4A8F-4B41-8122-8DF5728FC8EE}.Debug|Any CPU.ActiveCfg = Debug|Any CPU
		{78D38803-4A8F-4B41-8122-8DF5728FC8EE}.Debug|Any CPU.Build.0 = Debug|Any CPU
		{78D38803-4A8F-4B41-8122-8DF5728FC8EE}.Release|Any CPU.ActiveCfg = Release|Any CPU
		{78D38803-4A8F-4B41-8122-8DF5728FC8EE}.Release|Any CPU.Build.0 = Release|Any CPU
		{0347E672-08B7-4644-A266-0ADC27997DC0}.Debug|Any CPU.ActiveCfg = Debug|Any CPU
		{0347E672-08B7-4644-A266-0ADC27997DC0}.Debug|Any CPU.Build.0 = Debug|Any CPU
		{0347E672-08B7-4644-A266-0ADC27997DC0}.Release|Any CPU.ActiveCfg = Release|Any CPU
		{0347E672-08B7-4644-A266-0ADC27997DC0}.Release|Any CPU.Build.0 = Release|Any CPU
	EndGlobalSection
EndGlobal
