
Microsoft Visual Studio Solution File, Format Version 12.00
# Visual Studio Version 16
VisualStudioVersion = 16.0.29324.140
MinimumVisualStudioVersion = 10.0.40219.1
Project("{9A19103F-16F7-4668-BE54-9A1E7A4F7556}") = "SokoSolve.Core", "SokoSolve.Core\SokoSolve.Core.csproj", "{254B2610-91C9-45C4-8CB3-4DA4180BBC0A}"
EndProject
Project("{9A19103F-16F7-4668-BE54-9A1E7A4F7556}") = "SokoSolve.Tests", "SokoSolve.Tests\SokoSolve.Tests.csproj", "{A021D615-C4A7-41F3-A6D0-27C27F025CF8}"
EndProject
Project("{9A19103F-16F7-4668-BE54-9A1E7A4F7556}") = "SokoSolve.Console", "SokoSolve.Console\SokoSolve.Console.csproj", "{19BA28D0-17B4-4A42-A8FC-37DF60F9B9C1}"
EndProject
Project("{FAE04EC0-301F-11D3-BF4B-00C04F79EFBC}") = "SokoSolve.Client.Web", "SokoSolve.Client.Web\SokoSolve.Client.Web.csproj", "{9CB2E39D-2D0C-41F1-87B7-17594923B9FD}"
EndProject
Project("{FAE04EC0-301F-11D3-BF4B-00C04F79EFBC}") = "SokoSolve.Game", "SokoSolve.Game\SokoSolve.Game.csproj", "{91524EB7-E1D1-48FA-8501-4EA2E4EC846C}"
EndProject
Global
	GlobalSection(SolutionConfigurationPlatforms) = preSolution
		Debug|Any CPU = Debug|Any CPU
		Debug|ARM = Debug|ARM
		Debug|ARM64 = Debug|ARM64
		Debug|x64 = Debug|x64
		Debug|x86 = Debug|x86
		Release|Any CPU = Release|Any CPU
		Release|ARM = Release|ARM
		Release|ARM64 = Release|ARM64
		Release|x64 = Release|x64
		Release|x86 = Release|x86
	EndGlobalSection
	GlobalSection(ProjectConfigurationPlatforms) = postSolution
		{254B2610-91C9-45C4-8CB3-4DA4180BBC0A}.Debug|Any CPU.ActiveCfg = Debug|Any CPU
		{254B2610-91C9-45C4-8CB3-4DA4180BBC0A}.Debug|Any CPU.Build.0 = Debug|Any CPU
		{254B2610-91C9-45C4-8CB3-4DA4180BBC0A}.Debug|ARM.ActiveCfg = Debug|Any CPU
		{254B2610-91C9-45C4-8CB3-4DA4180BBC0A}.Debug|ARM.Build.0 = Debug|Any CPU
		{254B2610-91C9-45C4-8CB3-4DA4180BBC0A}.Debug|ARM64.ActiveCfg = Debug|Any CPU
		{254B2610-91C9-45C4-8CB3-4DA4180BBC0A}.Debug|ARM64.Build.0 = Debug|Any CPU
		{254B2610-91C9-45C4-8CB3-4DA4180BBC0A}.Debug|x64.ActiveCfg = Debug|Any CPU
		{254B2610-91C9-45C4-8CB3-4DA4180BBC0A}.Debug|x64.Build.0 = Debug|Any CPU
		{254B2610-91C9-45C4-8CB3-4DA4180BBC0A}.Debug|x86.ActiveCfg = Debug|Any CPU
		{254B2610-91C9-45C4-8CB3-4DA4180BBC0A}.Debug|x86.Build.0 = Debug|Any CPU
		{254B2610-91C9-45C4-8CB3-4DA4180BBC0A}.Release|Any CPU.ActiveCfg = Release|Any CPU
		{254B2610-91C9-45C4-8CB3-4DA4180BBC0A}.Release|Any CPU.Build.0 = Release|Any CPU
		{254B2610-91C9-45C4-8CB3-4DA4180BBC0A}.Release|ARM.ActiveCfg = Release|Any CPU
		{254B2610-91C9-45C4-8CB3-4DA4180BBC0A}.Release|ARM.Build.0 = Release|Any CPU
		{254B2610-91C9-45C4-8CB3-4DA4180BBC0A}.Release|ARM64.ActiveCfg = Release|Any CPU
		{254B2610-91C9-45C4-8CB3-4DA4180BBC0A}.Release|ARM64.Build.0 = Release|Any CPU
		{254B2610-91C9-45C4-8CB3-4DA4180BBC0A}.Release|x64.ActiveCfg = Release|Any CPU
		{254B2610-91C9-45C4-8CB3-4DA4180BBC0A}.Release|x64.Build.0 = Release|Any CPU
		{254B2610-91C9-45C4-8CB3-4DA4180BBC0A}.Release|x86.ActiveCfg = Release|Any CPU
		{254B2610-91C9-45C4-8CB3-4DA4180BBC0A}.Release|x86.Build.0 = Release|Any CPU
		{A021D615-C4A7-41F3-A6D0-27C27F025CF8}.Debug|Any CPU.ActiveCfg = Debug|Any CPU
		{A021D615-C4A7-41F3-A6D0-27C27F025CF8}.Debug|Any CPU.Build.0 = Debug|Any CPU
		{A021D615-C4A7-41F3-A6D0-27C27F025CF8}.Debug|ARM.ActiveCfg = Debug|Any CPU
		{A021D615-C4A7-41F3-A6D0-27C27F025CF8}.Debug|ARM.Build.0 = Debug|Any CPU
		{A021D615-C4A7-41F3-A6D0-27C27F025CF8}.Debug|ARM64.ActiveCfg = Debug|Any CPU
		{A021D615-C4A7-41F3-A6D0-27C27F025CF8}.Debug|ARM64.Build.0 = Debug|Any CPU
		{A021D615-C4A7-41F3-A6D0-27C27F025CF8}.Debug|x64.ActiveCfg = Debug|Any CPU
		{A021D615-C4A7-41F3-A6D0-27C27F025CF8}.Debug|x64.Build.0 = Debug|Any CPU
		{A021D615-C4A7-41F3-A6D0-27C27F025CF8}.Debug|x86.ActiveCfg = Debug|Any CPU
		{A021D615-C4A7-41F3-A6D0-27C27F025CF8}.Debug|x86.Build.0 = Debug|Any CPU
		{A021D615-C4A7-41F3-A6D0-27C27F025CF8}.Release|Any CPU.ActiveCfg = Release|Any CPU
		{A021D615-C4A7-41F3-A6D0-27C27F025CF8}.Release|Any CPU.Build.0 = Release|Any CPU
		{A021D615-C4A7-41F3-A6D0-27C27F025CF8}.Release|ARM.ActiveCfg = Release|Any CPU
		{A021D615-C4A7-41F3-A6D0-27C27F025CF8}.Release|ARM.Build.0 = Release|Any CPU
		{A021D615-C4A7-41F3-A6D0-27C27F025CF8}.Release|ARM64.ActiveCfg = Release|Any CPU
		{A021D615-C4A7-41F3-A6D0-27C27F025CF8}.Release|ARM64.Build.0 = Release|Any CPU
		{A021D615-C4A7-41F3-A6D0-27C27F025CF8}.Release|x64.ActiveCfg = Release|Any CPU
		{A021D615-C4A7-41F3-A6D0-27C27F025CF8}.Release|x64.Build.0 = Release|Any CPU
		{A021D615-C4A7-41F3-A6D0-27C27F025CF8}.Release|x86.ActiveCfg = Release|Any CPU
		{A021D615-C4A7-41F3-A6D0-27C27F025CF8}.Release|x86.Build.0 = Release|Any CPU
		{19BA28D0-17B4-4A42-A8FC-37DF60F9B9C1}.Debug|Any CPU.ActiveCfg = Debug|Any CPU
		{19BA28D0-17B4-4A42-A8FC-37DF60F9B9C1}.Debug|Any CPU.Build.0 = Debug|Any CPU
		{19BA28D0-17B4-4A42-A8FC-37DF60F9B9C1}.Debug|ARM.ActiveCfg = Debug|Any CPU
		{19BA28D0-17B4-4A42-A8FC-37DF60F9B9C1}.Debug|ARM.Build.0 = Debug|Any CPU
		{19BA28D0-17B4-4A42-A8FC-37DF60F9B9C1}.Debug|ARM64.ActiveCfg = Debug|Any CPU
		{19BA28D0-17B4-4A42-A8FC-37DF60F9B9C1}.Debug|ARM64.Build.0 = Debug|Any CPU
		{19BA28D0-17B4-4A42-A8FC-37DF60F9B9C1}.Debug|x64.ActiveCfg = Debug|Any CPU
		{19BA28D0-17B4-4A42-A8FC-37DF60F9B9C1}.Debug|x64.Build.0 = Debug|Any CPU
		{19BA28D0-17B4-4A42-A8FC-37DF60F9B9C1}.Debug|x86.ActiveCfg = Debug|Any CPU
		{19BA28D0-17B4-4A42-A8FC-37DF60F9B9C1}.Debug|x86.Build.0 = Debug|Any CPU
		{19BA28D0-17B4-4A42-A8FC-37DF60F9B9C1}.Release|Any CPU.ActiveCfg = Release|Any CPU
		{19BA28D0-17B4-4A42-A8FC-37DF60F9B9C1}.Release|Any CPU.Build.0 = Release|Any CPU
		{19BA28D0-17B4-4A42-A8FC-37DF60F9B9C1}.Release|ARM.ActiveCfg = Release|Any CPU
		{19BA28D0-17B4-4A42-A8FC-37DF60F9B9C1}.Release|ARM.Build.0 = Release|Any CPU
		{19BA28D0-17B4-4A42-A8FC-37DF60F9B9C1}.Release|ARM64.ActiveCfg = Release|Any CPU
		{19BA28D0-17B4-4A42-A8FC-37DF60F9B9C1}.Release|ARM64.Build.0 = Release|Any CPU
		{19BA28D0-17B4-4A42-A8FC-37DF60F9B9C1}.Release|x64.ActiveCfg = Release|Any CPU
		{19BA28D0-17B4-4A42-A8FC-37DF60F9B9C1}.Release|x64.Build.0 = Release|Any CPU
		{19BA28D0-17B4-4A42-A8FC-37DF60F9B9C1}.Release|x86.ActiveCfg = Release|Any CPU
		{19BA28D0-17B4-4A42-A8FC-37DF60F9B9C1}.Release|x86.Build.0 = Release|Any CPU
		{9CB2E39D-2D0C-41F1-87B7-17594923B9FD}.Debug|Any CPU.ActiveCfg = Debug|Any CPU
		{9CB2E39D-2D0C-41F1-87B7-17594923B9FD}.Debug|Any CPU.Build.0 = Debug|Any CPU
		{9CB2E39D-2D0C-41F1-87B7-17594923B9FD}.Debug|ARM.ActiveCfg = Debug|Any CPU
		{9CB2E39D-2D0C-41F1-87B7-17594923B9FD}.Debug|ARM.Build.0 = Debug|Any CPU
		{9CB2E39D-2D0C-41F1-87B7-17594923B9FD}.Debug|ARM64.ActiveCfg = Debug|Any CPU
		{9CB2E39D-2D0C-41F1-87B7-17594923B9FD}.Debug|ARM64.Build.0 = Debug|Any CPU
		{9CB2E39D-2D0C-41F1-87B7-17594923B9FD}.Debug|x64.ActiveCfg = Debug|Any CPU
		{9CB2E39D-2D0C-41F1-87B7-17594923B9FD}.Debug|x64.Build.0 = Debug|Any CPU
		{9CB2E39D-2D0C-41F1-87B7-17594923B9FD}.Debug|x86.ActiveCfg = Debug|Any CPU
		{9CB2E39D-2D0C-41F1-87B7-17594923B9FD}.Debug|x86.Build.0 = Debug|Any CPU
		{9CB2E39D-2D0C-41F1-87B7-17594923B9FD}.Release|Any CPU.ActiveCfg = Release|Any CPU
		{9CB2E39D-2D0C-41F1-87B7-17594923B9FD}.Release|Any CPU.Build.0 = Release|Any CPU
		{9CB2E39D-2D0C-41F1-87B7-17594923B9FD}.Release|ARM.ActiveCfg = Release|Any CPU
		{9CB2E39D-2D0C-41F1-87B7-17594923B9FD}.Release|ARM.Build.0 = Release|Any CPU
		{9CB2E39D-2D0C-41F1-87B7-17594923B9FD}.Release|ARM64.ActiveCfg = Release|Any CPU
		{9CB2E39D-2D0C-41F1-87B7-17594923B9FD}.Release|ARM64.Build.0 = Release|Any CPU
		{9CB2E39D-2D0C-41F1-87B7-17594923B9FD}.Release|x64.ActiveCfg = Release|Any CPU
		{9CB2E39D-2D0C-41F1-87B7-17594923B9FD}.Release|x64.Build.0 = Release|Any CPU
		{9CB2E39D-2D0C-41F1-87B7-17594923B9FD}.Release|x86.ActiveCfg = Release|Any CPU
		{9CB2E39D-2D0C-41F1-87B7-17594923B9FD}.Release|x86.Build.0 = Release|Any CPU
		{91524EB7-E1D1-48FA-8501-4EA2E4EC846C}.Debug|Any CPU.ActiveCfg = Debug|Any CPU
		{91524EB7-E1D1-48FA-8501-4EA2E4EC846C}.Debug|Any CPU.Build.0 = Debug|Any CPU
		{91524EB7-E1D1-48FA-8501-4EA2E4EC846C}.Debug|ARM.ActiveCfg = Debug|Any CPU
		{91524EB7-E1D1-48FA-8501-4EA2E4EC846C}.Debug|ARM.Build.0 = Debug|Any CPU
		{91524EB7-E1D1-48FA-8501-4EA2E4EC846C}.Debug|ARM64.ActiveCfg = Debug|Any CPU
		{91524EB7-E1D1-48FA-8501-4EA2E4EC846C}.Debug|ARM64.Build.0 = Debug|Any CPU
		{91524EB7-E1D1-48FA-8501-4EA2E4EC846C}.Debug|x64.ActiveCfg = Debug|Any CPU
		{91524EB7-E1D1-48FA-8501-4EA2E4EC846C}.Debug|x64.Build.0 = Debug|Any CPU
		{91524EB7-E1D1-48FA-8501-4EA2E4EC846C}.Debug|x86.ActiveCfg = Debug|Any CPU
		{91524EB7-E1D1-48FA-8501-4EA2E4EC846C}.Debug|x86.Build.0 = Debug|Any CPU
		{91524EB7-E1D1-48FA-8501-4EA2E4EC846C}.Release|Any CPU.ActiveCfg = Release|Any CPU
		{91524EB7-E1D1-48FA-8501-4EA2E4EC846C}.Release|Any CPU.Build.0 = Release|Any CPU
		{91524EB7-E1D1-48FA-8501-4EA2E4EC846C}.Release|ARM.ActiveCfg = Release|Any CPU
		{91524EB7-E1D1-48FA-8501-4EA2E4EC846C}.Release|ARM.Build.0 = Release|Any CPU
		{91524EB7-E1D1-48FA-8501-4EA2E4EC846C}.Release|ARM64.ActiveCfg = Release|Any CPU
		{91524EB7-E1D1-48FA-8501-4EA2E4EC846C}.Release|ARM64.Build.0 = Release|Any CPU
		{91524EB7-E1D1-48FA-8501-4EA2E4EC846C}.Release|x64.ActiveCfg = Release|Any CPU
		{91524EB7-E1D1-48FA-8501-4EA2E4EC846C}.Release|x64.Build.0 = Release|Any CPU
		{91524EB7-E1D1-48FA-8501-4EA2E4EC846C}.Release|x86.ActiveCfg = Release|Any CPU
		{91524EB7-E1D1-48FA-8501-4EA2E4EC846C}.Release|x86.Build.0 = Release|Any CPU
	EndGlobalSection
	GlobalSection(SolutionProperties) = preSolution
		HideSolutionNode = FALSE
	EndGlobalSection
	GlobalSection(ExtensibilityGlobals) = postSolution
		SolutionGuid = {BE069107-88A5-4ED3-9DCC-09991B966CD1}
	EndGlobalSection
EndGlobal
