
Microsoft Visual Studio Solution File, Format Version 12.00
# Visual Studio Version 16
VisualStudioVersion = 16.0.29324.140
MinimumVisualStudioVersion = 10.0.40219.1
Project("{9A19103F-16F7-4668-BE54-9A1E7A4F7556}") = "SokoSolve.Core", "SokoSolve.Core\SokoSolve.Core.csproj", "{254B2610-91C9-45C4-8CB3-4DA4180BBC0A}"
EndProject
Project("{9A19103F-16F7-4668-BE54-9A1E7A4F7556}") = "SokoSolve.Tests", "SokoSolve.Tests\SokoSolve.Tests.csproj", "{A021D615-C4A7-41F3-A6D0-27C27F025CF8}"
EndProject
Project("{9A19103F-16F7-4668-BE54-9A1E7A4F7556}") = "SokoSolve.Console", "SokoSolve.Console\SokoSolve.Console.csproj", "{19BA28D0-17B4-4A42-A8FC-37DF60F9B9C1}"
EndProject
Project("{9A19103F-16F7-4668-BE54-9A1E7A4F7556}") = "SokoSolve.Client.Web", "SokoSolve.Client.Web\SokoSolve.Client.Web.csproj", "{9CB2E39D-2D0C-41F1-87B7-17594923B9FD}"
EndProject
Project("{9A19103F-16F7-4668-BE54-9A1E7A4F7556}") = "SokoSolve.Game", "SokoSolve.Game\SokoSolve.Game.csproj", "{91524EB7-E1D1-48FA-8501-4EA2E4EC846C}"
EndProject
Project("{2150E333-8FDC-42A3-9474-1A3956D46DE8}") = "_root", "_root", "{BD795EF9-801A-4340-A9AC-9736F0AFC763}"
	ProjectSection(SolutionItems) = preProject
		..\benchmark.ps1 = ..\benchmark.ps1
		common.targets = common.targets
		..\.github\workflows\dotnetcore.yml = ..\.github\workflows\dotnetcore.yml
		..\README.md = ..\README.md
	EndProjectSection
EndProject
Project("{9A19103F-16F7-4668-BE54-9A1E7A4F7556}") = "SokoSolve.Drawing", "SokoSolve.Drawing\SokoSolve.Drawing.csproj", "{3159889F-C062-47AF-9B6A-610E00204756}"
EndProject
Project("{2150E333-8FDC-42A3-9474-1A3956D46DE8}") = "Lite", "Lite", "{BB269E19-AAE6-45F5-9733-C198836890C6}"
EndProject
Project("{9A19103F-16F7-4668-BE54-9A1E7A4F7556}") = "SokoSolve.Lite", "SokoSolve.Lite\SokoSolve.Lite.csproj", "{5A7815E7-422D-428F-B2E6-98B77C83F8EA}"
EndProject
Project("{9A19103F-16F7-4668-BE54-9A1E7A4F7556}") = "SokoSolve.Lite.Tests", "SokoSolve.Lite.Tests\SokoSolve.Lite.Tests.csproj", "{785C4B36-5B83-4071-92B6-FADB900D3581}"
EndProject
Project("{2150E333-8FDC-42A3-9474-1A3956D46DE8}") = "Deps", "Deps", "{47BD20FE-E960-4549-862B-7C52362C7AB6}"
EndProject
Project("{9A19103F-16F7-4668-BE54-9A1E7A4F7556}") = "VectorInt", "deps\VectorInt\VectorInt.csproj", "{34246321-BBCD-4997-8F32-66CAC5D33530}"
EndProject
Project("{9A19103F-16F7-4668-BE54-9A1E7A4F7556}") = "TextRenderZ", "deps\TextRenderZ\TextRenderZ.csproj", "{BAF47E62-036F-45B5-90E4-755C10A133AB}"
EndProject
Project("{9A19103F-16F7-4668-BE54-9A1E7A4F7556}") = "ConsoleZ", "deps\ConsoleZ\ConsoleZ.csproj", "{79F95A40-8379-4FF4-A132-C37AAAB86141}"
EndProject
Project("{9A19103F-16F7-4668-BE54-9A1E7A4F7556}") = "SokoSolve.Client.WPF", "SokoSolve.Client.WPF\SokoSolve.Client.WPF.csproj", "{6362CB20-5988-40EE-B2FA-053CBFF6267B}"
EndProject
Global
	GlobalSection(SolutionConfigurationPlatforms) = preSolution
		Debug|Any CPU = Debug|Any CPU
		Debug|ARM = Debug|ARM
		Debug|ARM64 = Debug|ARM64
		Debug|x64 = Debug|x64
		Debug|x86 = Debug|x86
		Release|Any CPU = Release|Any CPU
		Release|ARM = Release|ARM
		Release|ARM64 = Release|ARM64
		Release|x64 = Release|x64
		Release|x86 = Release|x86
	EndGlobalSection
	GlobalSection(ProjectConfigurationPlatforms) = postSolution
		{254B2610-91C9-45C4-8CB3-4DA4180BBC0A}.Debug|Any CPU.ActiveCfg = Debug|Any CPU
		{254B2610-91C9-45C4-8CB3-4DA4180BBC0A}.Debug|Any CPU.Build.0 = Debug|Any CPU
		{254B2610-91C9-45C4-8CB3-4DA4180BBC0A}.Debug|ARM.ActiveCfg = Debug|Any CPU
		{254B2610-91C9-45C4-8CB3-4DA4180BBC0A}.Debug|ARM.Build.0 = Debug|Any CPU
		{254B2610-91C9-45C4-8CB3-4DA4180BBC0A}.Debug|ARM64.ActiveCfg = Debug|Any CPU
		{254B2610-91C9-45C4-8CB3-4DA4180BBC0A}.Debug|ARM64.Build.0 = Debug|Any CPU
		{254B2610-91C9-45C4-8CB3-4DA4180BBC0A}.Debug|x64.ActiveCfg = Debug|Any CPU
		{254B2610-91C9-45C4-8CB3-4DA4180BBC0A}.Debug|x64.Build.0 = Debug|Any CPU
		{254B2610-91C9-45C4-8CB3-4DA4180BBC0A}.Debug|x86.ActiveCfg = Debug|Any CPU
		{254B2610-91C9-45C4-8CB3-4DA4180BBC0A}.Debug|x86.Build.0 = Debug|Any CPU
		{254B2610-91C9-45C4-8CB3-4DA4180BBC0A}.Release|Any CPU.ActiveCfg = Release|Any CPU
		{254B2610-91C9-45C4-8CB3-4DA4180BBC0A}.Release|Any CPU.Build.0 = Release|Any CPU
		{254B2610-91C9-45C4-8CB3-4DA4180BBC0A}.Release|ARM.ActiveCfg = Release|Any CPU
		{254B2610-91C9-45C4-8CB3-4DA4180BBC0A}.Release|ARM.Build.0 = Release|Any CPU
		{254B2610-91C9-45C4-8CB3-4DA4180BBC0A}.Release|ARM64.ActiveCfg = Release|Any CPU
		{254B2610-91C9-45C4-8CB3-4DA4180BBC0A}.Release|ARM64.Build.0 = Release|Any CPU
		{254B2610-91C9-45C4-8CB3-4DA4180BBC0A}.Release|x64.ActiveCfg = Release|Any CPU
		{254B2610-91C9-45C4-8CB3-4DA4180BBC0A}.Release|x64.Build.0 = Release|Any CPU
		{254B2610-91C9-45C4-8CB3-4DA4180BBC0A}.Release|x86.ActiveCfg = Release|Any CPU
		{254B2610-91C9-45C4-8CB3-4DA4180BBC0A}.Release|x86.Build.0 = Release|Any CPU
		{A021D615-C4A7-41F3-A6D0-27C27F025CF8}.Debug|Any CPU.ActiveCfg = Debug|Any CPU
		{A021D615-C4A7-41F3-A6D0-27C27F025CF8}.Debug|Any CPU.Build.0 = Debug|Any CPU
		{A021D615-C4A7-41F3-A6D0-27C27F025CF8}.Debug|ARM.ActiveCfg = Debug|Any CPU
		{A021D615-C4A7-41F3-A6D0-27C27F025CF8}.Debug|ARM.Build.0 = Debug|Any CPU
		{A021D615-C4A7-41F3-A6D0-27C27F025CF8}.Debug|ARM64.ActiveCfg = Debug|Any CPU
		{A021D615-C4A7-41F3-A6D0-27C27F025CF8}.Debug|ARM64.Build.0 = Debug|Any CPU
		{A021D615-C4A7-41F3-A6D0-27C27F025CF8}.Debug|x64.ActiveCfg = Debug|Any CPU
		{A021D615-C4A7-41F3-A6D0-27C27F025CF8}.Debug|x64.Build.0 = Debug|Any CPU
		{A021D615-C4A7-41F3-A6D0-27C27F025CF8}.Debug|x86.ActiveCfg = Debug|Any CPU
		{A021D615-C4A7-41F3-A6D0-27C27F025CF8}.Debug|x86.Build.0 = Debug|Any CPU
		{A021D615-C4A7-41F3-A6D0-27C27F025CF8}.Release|Any CPU.ActiveCfg = Release|Any CPU
		{A021D615-C4A7-41F3-A6D0-27C27F025CF8}.Release|Any CPU.Build.0 = Release|Any CPU
		{A021D615-C4A7-41F3-A6D0-27C27F025CF8}.Release|ARM.ActiveCfg = Release|Any CPU
		{A021D615-C4A7-41F3-A6D0-27C27F025CF8}.Release|ARM.Build.0 = Release|Any CPU
		{A021D615-C4A7-41F3-A6D0-27C27F025CF8}.Release|ARM64.ActiveCfg = Release|Any CPU
		{A021D615-C4A7-41F3-A6D0-27C27F025CF8}.Release|ARM64.Build.0 = Release|Any CPU
		{A021D615-C4A7-41F3-A6D0-27C27F025CF8}.Release|x64.ActiveCfg = Release|Any CPU
		{A021D615-C4A7-41F3-A6D0-27C27F025CF8}.Release|x64.Build.0 = Release|Any CPU
		{A021D615-C4A7-41F3-A6D0-27C27F025CF8}.Release|x86.ActiveCfg = Release|Any CPU
		{A021D615-C4A7-41F3-A6D0-27C27F025CF8}.Release|x86.Build.0 = Release|Any CPU
		{19BA28D0-17B4-4A42-A8FC-37DF60F9B9C1}.Debug|Any CPU.ActiveCfg = Debug|Any CPU
		{19BA28D0-17B4-4A42-A8FC-37DF60F9B9C1}.Debug|Any CPU.Build.0 = Debug|Any CPU
		{19BA28D0-17B4-4A42-A8FC-37DF60F9B9C1}.Debug|ARM.ActiveCfg = Debug|Any CPU
		{19BA28D0-17B4-4A42-A8FC-37DF60F9B9C1}.Debug|ARM.Build.0 = Debug|Any CPU
		{19BA28D0-17B4-4A42-A8FC-37DF60F9B9C1}.Debug|ARM64.ActiveCfg = Debug|Any CPU
		{19BA28D0-17B4-4A42-A8FC-37DF60F9B9C1}.Debug|ARM64.Build.0 = Debug|Any CPU
		{19BA28D0-17B4-4A42-A8FC-37DF60F9B9C1}.Debug|x64.ActiveCfg = Debug|Any CPU
		{19BA28D0-17B4-4A42-A8FC-37DF60F9B9C1}.Debug|x64.Build.0 = Debug|Any CPU
		{19BA28D0-17B4-4A42-A8FC-37DF60F9B9C1}.Debug|x86.ActiveCfg = Debug|Any CPU
		{19BA28D0-17B4-4A42-A8FC-37DF60F9B9C1}.Debug|x86.Build.0 = Debug|Any CPU
		{19BA28D0-17B4-4A42-A8FC-37DF60F9B9C1}.Release|Any CPU.ActiveCfg = Release|Any CPU
		{19BA28D0-17B4-4A42-A8FC-37DF60F9B9C1}.Release|Any CPU.Build.0 = Release|Any CPU
		{19BA28D0-17B4-4A42-A8FC-37DF60F9B9C1}.Release|ARM.ActiveCfg = Release|Any CPU
		{19BA28D0-17B4-4A42-A8FC-37DF60F9B9C1}.Release|ARM.Build.0 = Release|Any CPU
		{19BA28D0-17B4-4A42-A8FC-37DF60F9B9C1}.Release|ARM64.ActiveCfg = Release|Any CPU
		{19BA28D0-17B4-4A42-A8FC-37DF60F9B9C1}.Release|ARM64.Build.0 = Release|Any CPU
		{19BA28D0-17B4-4A42-A8FC-37DF60F9B9C1}.Release|x64.ActiveCfg = Release|Any CPU
		{19BA28D0-17B4-4A42-A8FC-37DF60F9B9C1}.Release|x64.Build.0 = Release|Any CPU
		{19BA28D0-17B4-4A42-A8FC-37DF60F9B9C1}.Release|x86.ActiveCfg = Release|Any CPU
		{19BA28D0-17B4-4A42-A8FC-37DF60F9B9C1}.Release|x86.Build.0 = Release|Any CPU
		{9CB2E39D-2D0C-41F1-87B7-17594923B9FD}.Debug|Any CPU.ActiveCfg = Debug|Any CPU
		{9CB2E39D-2D0C-41F1-87B7-17594923B9FD}.Debug|Any CPU.Build.0 = Debug|Any CPU
		{9CB2E39D-2D0C-41F1-87B7-17594923B9FD}.Debug|ARM.ActiveCfg = Debug|Any CPU
		{9CB2E39D-2D0C-41F1-87B7-17594923B9FD}.Debug|ARM.Build.0 = Debug|Any CPU
		{9CB2E39D-2D0C-41F1-87B7-17594923B9FD}.Debug|ARM64.ActiveCfg = Debug|Any CPU
		{9CB2E39D-2D0C-41F1-87B7-17594923B9FD}.Debug|ARM64.Build.0 = Debug|Any CPU
		{9CB2E39D-2D0C-41F1-87B7-17594923B9FD}.Debug|x64.ActiveCfg = Debug|Any CPU
		{9CB2E39D-2D0C-41F1-87B7-17594923B9FD}.Debug|x64.Build.0 = Debug|Any CPU
		{9CB2E39D-2D0C-41F1-87B7-17594923B9FD}.Debug|x86.ActiveCfg = Debug|Any CPU
		{9CB2E39D-2D0C-41F1-87B7-17594923B9FD}.Debug|x86.Build.0 = Debug|Any CPU
		{9CB2E39D-2D0C-41F1-87B7-17594923B9FD}.Release|Any CPU.ActiveCfg = Release|Any CPU
		{9CB2E39D-2D0C-41F1-87B7-17594923B9FD}.Release|Any CPU.Build.0 = Release|Any CPU
		{9CB2E39D-2D0C-41F1-87B7-17594923B9FD}.Release|ARM.ActiveCfg = Release|Any CPU
		{9CB2E39D-2D0C-41F1-87B7-17594923B9FD}.Release|ARM.Build.0 = Release|Any CPU
		{9CB2E39D-2D0C-41F1-87B7-17594923B9FD}.Release|ARM64.ActiveCfg = Release|Any CPU
		{9CB2E39D-2D0C-41F1-87B7-17594923B9FD}.Release|ARM64.Build.0 = Release|Any CPU
		{9CB2E39D-2D0C-41F1-87B7-17594923B9FD}.Release|x64.ActiveCfg = Release|Any CPU
		{9CB2E39D-2D0C-41F1-87B7-17594923B9FD}.Release|x64.Build.0 = Release|Any CPU
		{9CB2E39D-2D0C-41F1-87B7-17594923B9FD}.Release|x86.ActiveCfg = Release|Any CPU
		{9CB2E39D-2D0C-41F1-87B7-17594923B9FD}.Release|x86.Build.0 = Release|Any CPU
		{91524EB7-E1D1-48FA-8501-4EA2E4EC846C}.Debug|Any CPU.ActiveCfg = Debug|Any CPU
		{91524EB7-E1D1-48FA-8501-4EA2E4EC846C}.Debug|Any CPU.Build.0 = Debug|Any CPU
		{91524EB7-E1D1-48FA-8501-4EA2E4EC846C}.Debug|ARM.ActiveCfg = Debug|Any CPU
		{91524EB7-E1D1-48FA-8501-4EA2E4EC846C}.Debug|ARM.Build.0 = Debug|Any CPU
		{91524EB7-E1D1-48FA-8501-4EA2E4EC846C}.Debug|ARM64.ActiveCfg = Debug|Any CPU
		{91524EB7-E1D1-48FA-8501-4EA2E4EC846C}.Debug|ARM64.Build.0 = Debug|Any CPU
		{91524EB7-E1D1-48FA-8501-4EA2E4EC846C}.Debug|x64.ActiveCfg = Debug|Any CPU
		{91524EB7-E1D1-48FA-8501-4EA2E4EC846C}.Debug|x64.Build.0 = Debug|Any CPU
		{91524EB7-E1D1-48FA-8501-4EA2E4EC846C}.Debug|x86.ActiveCfg = Debug|Any CPU
		{91524EB7-E1D1-48FA-8501-4EA2E4EC846C}.Debug|x86.Build.0 = Debug|Any CPU
		{91524EB7-E1D1-48FA-8501-4EA2E4EC846C}.Release|Any CPU.ActiveCfg = Release|Any CPU
		{91524EB7-E1D1-48FA-8501-4EA2E4EC846C}.Release|Any CPU.Build.0 = Release|Any CPU
		{91524EB7-E1D1-48FA-8501-4EA2E4EC846C}.Release|ARM.ActiveCfg = Release|Any CPU
		{91524EB7-E1D1-48FA-8501-4EA2E4EC846C}.Release|ARM.Build.0 = Release|Any CPU
		{91524EB7-E1D1-48FA-8501-4EA2E4EC846C}.Release|ARM64.ActiveCfg = Release|Any CPU
		{91524EB7-E1D1-48FA-8501-4EA2E4EC846C}.Release|ARM64.Build.0 = Release|Any CPU
		{91524EB7-E1D1-48FA-8501-4EA2E4EC846C}.Release|x64.ActiveCfg = Release|Any CPU
		{91524EB7-E1D1-48FA-8501-4EA2E4EC846C}.Release|x64.Build.0 = Release|Any CPU
		{91524EB7-E1D1-48FA-8501-4EA2E4EC846C}.Release|x86.ActiveCfg = Release|Any CPU
		{91524EB7-E1D1-48FA-8501-4EA2E4EC846C}.Release|x86.Build.0 = Release|Any CPU
		{3159889F-C062-47AF-9B6A-610E00204756}.Debug|Any CPU.ActiveCfg = Debug|Any CPU
		{3159889F-C062-47AF-9B6A-610E00204756}.Debug|Any CPU.Build.0 = Debug|Any CPU
		{3159889F-C062-47AF-9B6A-610E00204756}.Debug|ARM.ActiveCfg = Debug|Any CPU
		{3159889F-C062-47AF-9B6A-610E00204756}.Debug|ARM.Build.0 = Debug|Any CPU
		{3159889F-C062-47AF-9B6A-610E00204756}.Debug|ARM64.ActiveCfg = Debug|Any CPU
		{3159889F-C062-47AF-9B6A-610E00204756}.Debug|ARM64.Build.0 = Debug|Any CPU
		{3159889F-C062-47AF-9B6A-610E00204756}.Debug|x64.ActiveCfg = Debug|Any CPU
		{3159889F-C062-47AF-9B6A-610E00204756}.Debug|x64.Build.0 = Debug|Any CPU
		{3159889F-C062-47AF-9B6A-610E00204756}.Debug|x86.ActiveCfg = Debug|Any CPU
		{3159889F-C062-47AF-9B6A-610E00204756}.Debug|x86.Build.0 = Debug|Any CPU
		{3159889F-C062-47AF-9B6A-610E00204756}.Release|Any CPU.ActiveCfg = Release|Any CPU
		{3159889F-C062-47AF-9B6A-610E00204756}.Release|Any CPU.Build.0 = Release|Any CPU
		{3159889F-C062-47AF-9B6A-610E00204756}.Release|ARM.ActiveCfg = Release|Any CPU
		{3159889F-C062-47AF-9B6A-610E00204756}.Release|ARM.Build.0 = Release|Any CPU
		{3159889F-C062-47AF-9B6A-610E00204756}.Release|ARM64.ActiveCfg = Release|Any CPU
		{3159889F-C062-47AF-9B6A-610E00204756}.Release|ARM64.Build.0 = Release|Any CPU
		{3159889F-C062-47AF-9B6A-610E00204756}.Release|x64.ActiveCfg = Release|Any CPU
		{3159889F-C062-47AF-9B6A-610E00204756}.Release|x64.Build.0 = Release|Any CPU
		{3159889F-C062-47AF-9B6A-610E00204756}.Release|x86.ActiveCfg = Release|Any CPU
		{3159889F-C062-47AF-9B6A-610E00204756}.Release|x86.Build.0 = Release|Any CPU
		{5A7815E7-422D-428F-B2E6-98B77C83F8EA}.Debug|Any CPU.ActiveCfg = Debug|Any CPU
		{5A7815E7-422D-428F-B2E6-98B77C83F8EA}.Debug|Any CPU.Build.0 = Debug|Any CPU
		{5A7815E7-422D-428F-B2E6-98B77C83F8EA}.Debug|ARM.ActiveCfg = Debug|Any CPU
		{5A7815E7-422D-428F-B2E6-98B77C83F8EA}.Debug|ARM.Build.0 = Debug|Any CPU
		{5A7815E7-422D-428F-B2E6-98B77C83F8EA}.Debug|ARM64.ActiveCfg = Debug|Any CPU
		{5A7815E7-422D-428F-B2E6-98B77C83F8EA}.Debug|ARM64.Build.0 = Debug|Any CPU
		{5A7815E7-422D-428F-B2E6-98B77C83F8EA}.Debug|x64.ActiveCfg = Debug|Any CPU
		{5A7815E7-422D-428F-B2E6-98B77C83F8EA}.Debug|x64.Build.0 = Debug|Any CPU
		{5A7815E7-422D-428F-B2E6-98B77C83F8EA}.Debug|x86.ActiveCfg = Debug|Any CPU
		{5A7815E7-422D-428F-B2E6-98B77C83F8EA}.Debug|x86.Build.0 = Debug|Any CPU
		{5A7815E7-422D-428F-B2E6-98B77C83F8EA}.Release|Any CPU.ActiveCfg = Release|Any CPU
		{5A7815E7-422D-428F-B2E6-98B77C83F8EA}.Release|Any CPU.Build.0 = Release|Any CPU
		{5A7815E7-422D-428F-B2E6-98B77C83F8EA}.Release|ARM.ActiveCfg = Release|Any CPU
		{5A7815E7-422D-428F-B2E6-98B77C83F8EA}.Release|ARM.Build.0 = Release|Any CPU
		{5A7815E7-422D-428F-B2E6-98B77C83F8EA}.Release|ARM64.ActiveCfg = Release|Any CPU
		{5A7815E7-422D-428F-B2E6-98B77C83F8EA}.Release|ARM64.Build.0 = Release|Any CPU
		{5A7815E7-422D-428F-B2E6-98B77C83F8EA}.Release|x64.ActiveCfg = Release|Any CPU
		{5A7815E7-422D-428F-B2E6-98B77C83F8EA}.Release|x64.Build.0 = Release|Any CPU
		{5A7815E7-422D-428F-B2E6-98B77C83F8EA}.Release|x86.ActiveCfg = Release|Any CPU
		{5A7815E7-422D-428F-B2E6-98B77C83F8EA}.Release|x86.Build.0 = Release|Any CPU
		{785C4B36-5B83-4071-92B6-FADB900D3581}.Debug|Any CPU.ActiveCfg = Debug|Any CPU
		{785C4B36-5B83-4071-92B6-FADB900D3581}.Debug|Any CPU.Build.0 = Debug|Any CPU
		{785C4B36-5B83-4071-92B6-FADB900D3581}.Debug|ARM.ActiveCfg = Debug|Any CPU
		{785C4B36-5B83-4071-92B6-FADB900D3581}.Debug|ARM.Build.0 = Debug|Any CPU
		{785C4B36-5B83-4071-92B6-FADB900D3581}.Debug|ARM64.ActiveCfg = Debug|Any CPU
		{785C4B36-5B83-4071-92B6-FADB900D3581}.Debug|ARM64.Build.0 = Debug|Any CPU
		{785C4B36-5B83-4071-92B6-FADB900D3581}.Debug|x64.ActiveCfg = Debug|Any CPU
		{785C4B36-5B83-4071-92B6-FADB900D3581}.Debug|x64.Build.0 = Debug|Any CPU
		{785C4B36-5B83-4071-92B6-FADB900D3581}.Debug|x86.ActiveCfg = Debug|Any CPU
		{785C4B36-5B83-4071-92B6-FADB900D3581}.Debug|x86.Build.0 = Debug|Any CPU
		{785C4B36-5B83-4071-92B6-FADB900D3581}.Release|Any CPU.ActiveCfg = Release|Any CPU
		{785C4B36-5B83-4071-92B6-FADB900D3581}.Release|Any CPU.Build.0 = Release|Any CPU
		{785C4B36-5B83-4071-92B6-FADB900D3581}.Release|ARM.ActiveCfg = Release|Any CPU
		{785C4B36-5B83-4071-92B6-FADB900D3581}.Release|ARM.Build.0 = Release|Any CPU
		{785C4B36-5B83-4071-92B6-FADB900D3581}.Release|ARM64.ActiveCfg = Release|Any CPU
		{785C4B36-5B83-4071-92B6-FADB900D3581}.Release|ARM64.Build.0 = Release|Any CPU
		{785C4B36-5B83-4071-92B6-FADB900D3581}.Release|x64.ActiveCfg = Release|Any CPU
		{785C4B36-5B83-4071-92B6-FADB900D3581}.Release|x64.Build.0 = Release|Any CPU
		{785C4B36-5B83-4071-92B6-FADB900D3581}.Release|x86.ActiveCfg = Release|Any CPU
		{785C4B36-5B83-4071-92B6-FADB900D3581}.Release|x86.Build.0 = Release|Any CPU
		{34246321-BBCD-4997-8F32-66CAC5D33530}.Debug|Any CPU.ActiveCfg = Debug|Any CPU
		{34246321-BBCD-4997-8F32-66CAC5D33530}.Debug|Any CPU.Build.0 = Debug|Any CPU
		{34246321-BBCD-4997-8F32-66CAC5D33530}.Debug|ARM.ActiveCfg = Debug|Any CPU
		{34246321-BBCD-4997-8F32-66CAC5D33530}.Debug|ARM.Build.0 = Debug|Any CPU
		{34246321-BBCD-4997-8F32-66CAC5D33530}.Debug|ARM64.ActiveCfg = Debug|Any CPU
		{34246321-BBCD-4997-8F32-66CAC5D33530}.Debug|ARM64.Build.0 = Debug|Any CPU
		{34246321-BBCD-4997-8F32-66CAC5D33530}.Debug|x64.ActiveCfg = Debug|Any CPU
		{34246321-BBCD-4997-8F32-66CAC5D33530}.Debug|x64.Build.0 = Debug|Any CPU
		{34246321-BBCD-4997-8F32-66CAC5D33530}.Debug|x86.ActiveCfg = Debug|Any CPU
		{34246321-BBCD-4997-8F32-66CAC5D33530}.Debug|x86.Build.0 = Debug|Any CPU
		{34246321-BBCD-4997-8F32-66CAC5D33530}.Release|Any CPU.ActiveCfg = Release|Any CPU
		{34246321-BBCD-4997-8F32-66CAC5D33530}.Release|Any CPU.Build.0 = Release|Any CPU
		{34246321-BBCD-4997-8F32-66CAC5D33530}.Release|ARM.ActiveCfg = Release|Any CPU
		{34246321-BBCD-4997-8F32-66CAC5D33530}.Release|ARM.Build.0 = Release|Any CPU
		{34246321-BBCD-4997-8F32-66CAC5D33530}.Release|ARM64.ActiveCfg = Release|Any CPU
		{34246321-BBCD-4997-8F32-66CAC5D33530}.Release|ARM64.Build.0 = Release|Any CPU
		{34246321-BBCD-4997-8F32-66CAC5D33530}.Release|x64.ActiveCfg = Release|Any CPU
		{34246321-BBCD-4997-8F32-66CAC5D33530}.Release|x64.Build.0 = Release|Any CPU
		{34246321-BBCD-4997-8F32-66CAC5D33530}.Release|x86.ActiveCfg = Release|Any CPU
		{34246321-BBCD-4997-8F32-66CAC5D33530}.Release|x86.Build.0 = Release|Any CPU
		{BAF47E62-036F-45B5-90E4-755C10A133AB}.Debug|Any CPU.ActiveCfg = Debug|Any CPU
		{BAF47E62-036F-45B5-90E4-755C10A133AB}.Debug|Any CPU.Build.0 = Debug|Any CPU
		{BAF47E62-036F-45B5-90E4-755C10A133AB}.Debug|ARM.ActiveCfg = Debug|Any CPU
		{BAF47E62-036F-45B5-90E4-755C10A133AB}.Debug|ARM.Build.0 = Debug|Any CPU
		{BAF47E62-036F-45B5-90E4-755C10A133AB}.Debug|ARM64.ActiveCfg = Debug|Any CPU
		{BAF47E62-036F-45B5-90E4-755C10A133AB}.Debug|ARM64.Build.0 = Debug|Any CPU
		{BAF47E62-036F-45B5-90E4-755C10A133AB}.Debug|x64.ActiveCfg = Debug|Any CPU
		{BAF47E62-036F-45B5-90E4-755C10A133AB}.Debug|x64.Build.0 = Debug|Any CPU
		{BAF47E62-036F-45B5-90E4-755C10A133AB}.Debug|x86.ActiveCfg = Debug|Any CPU
		{BAF47E62-036F-45B5-90E4-755C10A133AB}.Debug|x86.Build.0 = Debug|Any CPU
		{BAF47E62-036F-45B5-90E4-755C10A133AB}.Release|Any CPU.ActiveCfg = Release|Any CPU
		{BAF47E62-036F-45B5-90E4-755C10A133AB}.Release|Any CPU.Build.0 = Release|Any CPU
		{BAF47E62-036F-45B5-90E4-755C10A133AB}.Release|ARM.ActiveCfg = Release|Any CPU
		{BAF47E62-036F-45B5-90E4-755C10A133AB}.Release|ARM.Build.0 = Release|Any CPU
		{BAF47E62-036F-45B5-90E4-755C10A133AB}.Release|ARM64.ActiveCfg = Release|Any CPU
		{BAF47E62-036F-45B5-90E4-755C10A133AB}.Release|ARM64.Build.0 = Release|Any CPU
		{BAF47E62-036F-45B5-90E4-755C10A133AB}.Release|x64.ActiveCfg = Release|Any CPU
		{BAF47E62-036F-45B5-90E4-755C10A133AB}.Release|x64.Build.0 = Release|Any CPU
		{BAF47E62-036F-45B5-90E4-755C10A133AB}.Release|x86.ActiveCfg = Release|Any CPU
		{BAF47E62-036F-45B5-90E4-755C10A133AB}.Release|x86.Build.0 = Release|Any CPU
		{79F95A40-8379-4FF4-A132-C37AAAB86141}.Debug|Any CPU.ActiveCfg = Debug|Any CPU
		{79F95A40-8379-4FF4-A132-C37AAAB86141}.Debug|Any CPU.Build.0 = Debug|Any CPU
		{79F95A40-8379-4FF4-A132-C37AAAB86141}.Debug|ARM.ActiveCfg = Debug|Any CPU
		{79F95A40-8379-4FF4-A132-C37AAAB86141}.Debug|ARM.Build.0 = Debug|Any CPU
		{79F95A40-8379-4FF4-A132-C37AAAB86141}.Debug|ARM64.ActiveCfg = Debug|Any CPU
		{79F95A40-8379-4FF4-A132-C37AAAB86141}.Debug|ARM64.Build.0 = Debug|Any CPU
		{79F95A40-8379-4FF4-A132-C37AAAB86141}.Debug|x64.ActiveCfg = Debug|Any CPU
		{79F95A40-8379-4FF4-A132-C37AAAB86141}.Debug|x64.Build.0 = Debug|Any CPU
		{79F95A40-8379-4FF4-A132-C37AAAB86141}.Debug|x86.ActiveCfg = Debug|Any CPU
		{79F95A40-8379-4FF4-A132-C37AAAB86141}.Debug|x86.Build.0 = Debug|Any CPU
		{79F95A40-8379-4FF4-A132-C37AAAB86141}.Release|Any CPU.ActiveCfg = Release|Any CPU
		{79F95A40-8379-4FF4-A132-C37AAAB86141}.Release|Any CPU.Build.0 = Release|Any CPU
		{79F95A40-8379-4FF4-A132-C37AAAB86141}.Release|ARM.ActiveCfg = Release|Any CPU
		{79F95A40-8379-4FF4-A132-C37AAAB86141}.Release|ARM.Build.0 = Release|Any CPU
		{79F95A40-8379-4FF4-A132-C37AAAB86141}.Release|ARM64.ActiveCfg = Release|Any CPU
		{79F95A40-8379-4FF4-A132-C37AAAB86141}.Release|ARM64.Build.0 = Release|Any CPU
		{79F95A40-8379-4FF4-A132-C37AAAB86141}.Release|x64.ActiveCfg = Release|Any CPU
		{79F95A40-8379-4FF4-A132-C37AAAB86141}.Release|x64.Build.0 = Release|Any CPU
		{79F95A40-8379-4FF4-A132-C37AAAB86141}.Release|x86.ActiveCfg = Release|Any CPU
		{79F95A40-8379-4FF4-A132-C37AAAB86141}.Release|x86.Build.0 = Release|Any CPU
		{6362CB20-5988-40EE-B2FA-053CBFF6267B}.Debug|Any CPU.ActiveCfg = Debug|Any CPU
		{6362CB20-5988-40EE-B2FA-053CBFF6267B}.Debug|Any CPU.Build.0 = Debug|Any CPU
		{6362CB20-5988-40EE-B2FA-053CBFF6267B}.Debug|ARM.ActiveCfg = Debug|Any CPU
		{6362CB20-5988-40EE-B2FA-053CBFF6267B}.Debug|ARM.Build.0 = Debug|Any CPU
		{6362CB20-5988-40EE-B2FA-053CBFF6267B}.Debug|ARM64.ActiveCfg = Debug|Any CPU
		{6362CB20-5988-40EE-B2FA-053CBFF6267B}.Debug|ARM64.Build.0 = Debug|Any CPU
		{6362CB20-5988-40EE-B2FA-053CBFF6267B}.Debug|x64.ActiveCfg = Debug|Any CPU
		{6362CB20-5988-40EE-B2FA-053CBFF6267B}.Debug|x64.Build.0 = Debug|Any CPU
		{6362CB20-5988-40EE-B2FA-053CBFF6267B}.Debug|x86.ActiveCfg = Debug|Any CPU
		{6362CB20-5988-40EE-B2FA-053CBFF6267B}.Debug|x86.Build.0 = Debug|Any CPU
		{6362CB20-5988-40EE-B2FA-053CBFF6267B}.Release|Any CPU.ActiveCfg = Release|Any CPU
		{6362CB20-5988-40EE-B2FA-053CBFF6267B}.Release|Any CPU.Build.0 = Release|Any CPU
		{6362CB20-5988-40EE-B2FA-053CBFF6267B}.Release|ARM.ActiveCfg = Release|Any CPU
		{6362CB20-5988-40EE-B2FA-053CBFF6267B}.Release|ARM.Build.0 = Release|Any CPU
		{6362CB20-5988-40EE-B2FA-053CBFF6267B}.Release|ARM64.ActiveCfg = Release|Any CPU
		{6362CB20-5988-40EE-B2FA-053CBFF6267B}.Release|ARM64.Build.0 = Release|Any CPU
		{6362CB20-5988-40EE-B2FA-053CBFF6267B}.Release|x64.ActiveCfg = Release|Any CPU
		{6362CB20-5988-40EE-B2FA-053CBFF6267B}.Release|x64.Build.0 = Release|Any CPU
		{6362CB20-5988-40EE-B2FA-053CBFF6267B}.Release|x86.ActiveCfg = Release|Any CPU
		{6362CB20-5988-40EE-B2FA-053CBFF6267B}.Release|x86.Build.0 = Release|Any CPU
	EndGlobalSection
	GlobalSection(SolutionProperties) = preSolution
		HideSolutionNode = FALSE
	EndGlobalSection
	GlobalSection(NestedProjects) = preSolution
		{5A7815E7-422D-428F-B2E6-98B77C83F8EA} = {BB269E19-AAE6-45F5-9733-C198836890C6}
		{785C4B36-5B83-4071-92B6-FADB900D3581} = {BB269E19-AAE6-45F5-9733-C198836890C6}
		{34246321-BBCD-4997-8F32-66CAC5D33530} = {47BD20FE-E960-4549-862B-7C52362C7AB6}
		{BAF47E62-036F-45B5-90E4-755C10A133AB} = {47BD20FE-E960-4549-862B-7C52362C7AB6}
		{79F95A40-8379-4FF4-A132-C37AAAB86141} = {47BD20FE-E960-4549-862B-7C52362C7AB6}
	EndGlobalSection
	GlobalSection(ExtensibilityGlobals) = postSolution
		SolutionGuid = {BE069107-88A5-4ED3-9DCC-09991B966CD1}
	EndGlobalSection
EndGlobal
